
Microsoft Visual Studio Solution File, Format Version 12.00
# Visual Studio Version 16
VisualStudioVersion = 16.0.31025.194
MinimumVisualStudioVersion = 10.0.40219.1
Project("{FAE04EC0-301F-11D3-BF4B-00C04F79EFBC}") = "WorkTest.WebAPI", "WorkTest.WebAPI\WorkTest.WebAPI.csproj", "{DBB3247E-3B6D-41F9-81C3-193F6149010F}"
EndProject
Global
	GlobalSection(SolutionConfigurationPlatforms) = preSolution
		Debug|Any CPU = Debug|Any CPU
		Release|Any CPU = Release|Any CPU
	EndGlobalSection
	GlobalSection(ProjectConfigurationPlatforms) = postSolution
		{DBB3247E-3B6D-41F9-81C3-193F6149010F}.Debug|Any CPU.ActiveCfg = Debug|Any CPU
		{DBB3247E-3B6D-41F9-81C3-193F6149010F}.Debug|Any CPU.Build.0 = Debug|Any CPU
		{DBB3247E-3B6D-41F9-81C3-193F6149010F}.Release|Any CPU.ActiveCfg = Release|Any CPU
		{DBB3247E-3B6D-41F9-81C3-193F6149010F}.Release|Any CPU.Build.0 = Release|Any CPU
	EndGlobalSection
	GlobalSection(SolutionProperties) = preSolution
		HideSolutionNode = FALSE
	EndGlobalSection
	GlobalSection(ExtensibilityGlobals) = postSolution
		SolutionGuid = {80588EDD-7E58-45AD-BE9C-884FB536AF7C}
	EndGlobalSection
EndGlobal
